
Microsoft Visual Studio Solution File, Format Version 12.00
# Visual Studio 2012
Project("{FAE04EC0-301F-11D3-BF4B-00C04F79EFBC}") = "Redakcija.WinClient", "Redakcija.WinClient.csproj", "{EB8B6C4B-D6D9-451A-8B27-B00D9CAE2F0E}"
	ProjectSection(ProjectDependencies) = postProject
		{D6949C9E-8838-4B47-B3A5-A9BFAF99662F} = {D6949C9E-8838-4B47-B3A5-A9BFAF99662F}
	EndProjectSection
EndProject
Project("{FAE04EC0-301F-11D3-BF4B-00C04F79EFBC}") = "WinClientLibrary", "..\WinClientLibrary\WinClientLibrary.csproj", "{C8E59D84-17CC-4FFB-93EB-4BBC6727560A}"
EndProject
Project("{FAE04EC0-301F-11D3-BF4B-00C04F79EFBC}") = "Redakcija.Web", "Redakcija.Web\Redakcija.Web.csproj", "{D6949C9E-8838-4B47-B3A5-A9BFAF99662F}"
EndProject
Project("{2150E333-8FDC-42A3-9474-1A3956D46DE8}") = ".nuget", ".nuget", "{84AACA6D-38AE-4F93-A4FD-B748CAD25AB9}"
	ProjectSection(SolutionItems) = preProject
		.nuget\packages.config = .nuget\packages.config
	EndProjectSection
EndProject
Project("{FAE04EC0-301F-11D3-BF4B-00C04F79EFBC}") = "Redakcija.Model", "Redakcija.Model\Redakcija.Model.csproj", "{4962D4A1-CFA7-43FE-989D-2EE3F080ECDD}"
EndProject
Global
	GlobalSection(SolutionConfigurationPlatforms) = preSolution
		Debug|Any CPU = Debug|Any CPU
		Release|Any CPU = Release|Any CPU
	EndGlobalSection
	GlobalSection(ProjectConfigurationPlatforms) = postSolution
		{EB8B6C4B-D6D9-451A-8B27-B00D9CAE2F0E}.Debug|Any CPU.ActiveCfg = Debug|Any CPU
		{EB8B6C4B-D6D9-451A-8B27-B00D9CAE2F0E}.Debug|Any CPU.Build.0 = Debug|Any CPU
		{EB8B6C4B-D6D9-451A-8B27-B00D9CAE2F0E}.Release|Any CPU.ActiveCfg = Release|Any CPU
		{EB8B6C4B-D6D9-451A-8B27-B00D9CAE2F0E}.Release|Any CPU.Build.0 = Release|Any CPU
		{C8E59D84-17CC-4FFB-93EB-4BBC6727560A}.Debug|Any CPU.ActiveCfg = Debug|Any CPU
		{C8E59D84-17CC-4FFB-93EB-4BBC6727560A}.Debug|Any CPU.Build.0 = Debug|Any CPU
		{C8E59D84-17CC-4FFB-93EB-4BBC6727560A}.Release|Any CPU.ActiveCfg = Release|Any CPU
		{C8E59D84-17CC-4FFB-93EB-4BBC6727560A}.Release|Any CPU.Build.0 = Release|Any CPU
		{D6949C9E-8838-4B47-B3A5-A9BFAF99662F}.Debug|Any CPU.ActiveCfg = Debug|Any CPU
		{D6949C9E-8838-4B47-B3A5-A9BFAF99662F}.Debug|Any CPU.Build.0 = Debug|Any CPU
		{D6949C9E-8838-4B47-B3A5-A9BFAF99662F}.Release|Any CPU.ActiveCfg = Release|Any CPU
		{D6949C9E-8838-4B47-B3A5-A9BFAF99662F}.Release|Any CPU.Build.0 = Release|Any CPU
		{4962D4A1-CFA7-43FE-989D-2EE3F080ECDD}.Debug|Any CPU.ActiveCfg = Debug|Any CPU
		{4962D4A1-CFA7-43FE-989D-2EE3F080ECDD}.Debug|Any CPU.Build.0 = Debug|Any CPU
		{4962D4A1-CFA7-43FE-989D-2EE3F080ECDD}.Release|Any CPU.ActiveCfg = Release|Any CPU
		{4962D4A1-CFA7-43FE-989D-2EE3F080ECDD}.Release|Any CPU.Build.0 = Release|Any CPU
	EndGlobalSection
	GlobalSection(SolutionProperties) = preSolution
		HideSolutionNode = FALSE
	EndGlobalSection
EndGlobal
